# This file is autogenerated, do not edit; changes may be undone by the next 'dep ensure'.


[[projects]]
  branch = "1.12.x"
  digest = "1:bddf66ffe534f60e6ef69fe0a44816b5766f4c6f9050eb57314f6d1ad230cd42"
  name = "github.com/docker/docker"
  packages = [
    "builder/dockerfile/command",
    "builder/dockerfile/parser",
  ]
  pruneopts = "UT"
  revision = "175f1829377413b1887a0c38232b1cda975fd71c"

[solve-meta]
  analyzer-name = "dep"
  analyzer-version = 1
  input-imports = ["github.com/docker/docker/builder/dockerfile/parser"]
  solver-name = "gps-cdcl"
  solver-version = 1
